
Microsoft Visual Studio Solution File, Format Version 12.00
# Visual Studio 2015
Project("{FAE04EC0-301F-11D3-BF4B-00C04F79EFBC}") = "TBD_Prototype.CSharp", "TBD_Prototype.CSharp.csproj", "{AB9D9DB3-7DB1-F664-4CC5-7E4D3F15C26C}"
EndProject
Global
	GlobalSection(SolutionConfigurationPlatforms) = preSolution
		Debug|Any CPU = Debug|Any CPU
		Release|Any CPU = Release|Any CPU
	EndGlobalSection
	GlobalSection(ProjectConfigurationPlatforms) = postSolution
		{AB9D9DB3-7DB1-F664-4CC5-7E4D3F15C26C}.Debug|Any CPU.ActiveCfg = Debug|Any CPU
		{AB9D9DB3-7DB1-F664-4CC5-7E4D3F15C26C}.Debug|Any CPU.Build.0 = Debug|Any CPU
		{AB9D9DB3-7DB1-F664-4CC5-7E4D3F15C26C}.Release|Any CPU.ActiveCfg = Release|Any CPU
		{AB9D9DB3-7DB1-F664-4CC5-7E4D3F15C26C}.Release|Any CPU.Build.0 = Release|Any CPU
	EndGlobalSection
	GlobalSection(SolutionProperties) = preSolution
		HideSolutionNode = FALSE
	EndGlobalSection
EndGlobal
